Microsoft Visual Studio Solution File, Format Version 11.00
# Visual Studio 2008

Project("{71F3A948-835E-65F6-5F07-778804D33CC5}") = "FermiInc", "Assembly-CSharp.csproj", "{75A6A5C5-1694-869C-ADD9-5E88861C99D0}"
EndProject
Global
	GlobalSection(SolutionConfigurationPlatforms) = preSolution
		Debug|Any CPU = Debug|Any CPU
		Release|Any CPU = Release|Any CPU
	EndGlobalSection
	GlobalSection(ProjectConfigurationPlatforms) = postSolution
		{75A6A5C5-1694-869C-ADD9-5E88861C99D0}.Debug|Any CPU.ActiveCfg = Debug|Any CPU
		{75A6A5C5-1694-869C-ADD9-5E88861C99D0}.Debug|Any CPU.Build.0 = Debug|Any CPU
		{75A6A5C5-1694-869C-ADD9-5E88861C99D0}.Release|Any CPU.ActiveCfg = Release|Any CPU
		{75A6A5C5-1694-869C-ADD9-5E88861C99D0}.Release|Any CPU.Build.0 = Release|Any CPU
	EndGlobalSection
	GlobalSection(SolutionProperties) = preSolution
		HideSolutionNode = FALSE
	EndGlobalSection
	GlobalSection(MonoDevelopProperties) = preSolution
		StartupItem = Assembly-CSharp.csproj
	EndGlobalSection
EndGlobal
